
Microsoft Visual Studio Solution File, Format Version 12.00
# Visual Studio Version 17
VisualStudioVersion = 17.12.35506.116 d17.12
MinimumVisualStudioVersion = 10.0.40219.1
Project("{FAE04EC0-301F-11D3-BF4B-00C04F79EFBC}") = "Birdsky.App", "Birdsky.App\Birdsky.App.csproj", "{DF7C3C61-208C-4C77-89EF-98270D2CE0C0}"
EndProject
Project("{2150E333-8FDC-42A3-9474-1A3956D46DE8}") = "Solution Items", "Solution Items", "{8FF266AA-A954-40E6-9960-515698A65705}"
	ProjectSection(SolutionItems) = preProject
		.gitignore = .gitignore
		Directory.Build.props = Directory.Build.props
		Directory.Build.targets = Directory.Build.targets
		Directory.Packages.props = Directory.Packages.props
		global.json = global.json
	EndProjectSection
EndProject
Project("{FAE04EC0-301F-11D3-BF4B-00C04F79EFBC}") = "Birdsky.Core", "..\Birdsky.Core\Birdsky.Core.csproj", "{0F218556-BBED-441F-B953-2BEBFC05739F}"
EndProject
Global
	GlobalSection(SolutionConfigurationPlatforms) = preSolution
		Debug|Any CPU = Debug|Any CPU
		Release|Any CPU = Release|Any CPU
	EndGlobalSection
	GlobalSection(ProjectConfigurationPlatforms) = postSolution
		{DF7C3C61-208C-4C77-89EF-98270D2CE0C0}.Debug|Any CPU.ActiveCfg = Debug|Any CPU
		{DF7C3C61-208C-4C77-89EF-98270D2CE0C0}.Debug|Any CPU.Build.0 = Debug|Any CPU
		{DF7C3C61-208C-4C77-89EF-98270D2CE0C0}.Debug|Any CPU.Deploy.0 = Debug|Any CPU
		{DF7C3C61-208C-4C77-89EF-98270D2CE0C0}.Release|Any CPU.ActiveCfg = Release|Any CPU
		{DF7C3C61-208C-4C77-89EF-98270D2CE0C0}.Release|Any CPU.Build.0 = Release|Any CPU
		{DF7C3C61-208C-4C77-89EF-98270D2CE0C0}.Release|Any CPU.Deploy.0 = Release|Any CPU
		{0F218556-BBED-441F-B953-2BEBFC05739F}.Debug|Any CPU.ActiveCfg = Debug|Any CPU
		{0F218556-BBED-441F-B953-2BEBFC05739F}.Debug|Any CPU.Build.0 = Debug|Any CPU
		{0F218556-BBED-441F-B953-2BEBFC05739F}.Release|Any CPU.ActiveCfg = Release|Any CPU
		{0F218556-BBED-441F-B953-2BEBFC05739F}.Release|Any CPU.Build.0 = Release|Any CPU
	EndGlobalSection
	GlobalSection(SolutionProperties) = preSolution
		HideSolutionNode = FALSE
	EndGlobalSection
EndGlobal
