
Microsoft Visual Studio Solution File, Format Version 12.00
# Visual Studio Version 17
VisualStudioVersion = 17.12.35506.116
MinimumVisualStudioVersion = 10.0.40219.1
Project("{2150E333-8FDC-42A3-9474-1A3956D46DE8}") = "Solution Items", "Solution Items", "{8FF266AA-A954-40E6-9960-515698A65705}"
	ProjectSection(SolutionItems) = preProject
		.gitignore = .gitignore
		Directory.Build.props = Directory.Build.props
		Directory.Build.targets = Directory.Build.targets
		Directory.Packages.props = Directory.Packages.props
		global.json = global.json
	EndProjectSection
EndProject
Project("{FAE04EC0-301F-11D3-BF4B-00C04F79EFBC}") = "Birdsky.App", "Birdsky.App\Birdsky.App.csproj", "{03F66F4B-1DC4-6968-9264-FE8D4D44C2D9}"
EndProject
Project("{FAE04EC0-301F-11D3-BF4B-00C04F79EFBC}") = "Birdsky.Core", "Birdsky.Core\Birdsky.Core.csproj", "{A9146AEF-9C95-CF0A-BCD6-EFD9C804B73C}"
EndProject
Global
	GlobalSection(SolutionConfigurationPlatforms) = preSolution
		Debug|Any CPU = Debug|Any CPU
		Release|Any CPU = Release|Any CPU
	EndGlobalSection
	GlobalSection(ProjectConfigurationPlatforms) = postSolution
		{03F66F4B-1DC4-6968-9264-FE8D4D44C2D9}.Debug|Any CPU.ActiveCfg = Debug|Any CPU
		{03F66F4B-1DC4-6968-9264-FE8D4D44C2D9}.Debug|Any CPU.Build.0 = Debug|Any CPU
		{03F66F4B-1DC4-6968-9264-FE8D4D44C2D9}.Debug|Any CPU.Deploy.0 = Debug|Any CPU
		{03F66F4B-1DC4-6968-9264-FE8D4D44C2D9}.Release|Any CPU.ActiveCfg = Release|Any CPU
		{03F66F4B-1DC4-6968-9264-FE8D4D44C2D9}.Release|Any CPU.Build.0 = Release|Any CPU
		{03F66F4B-1DC4-6968-9264-FE8D4D44C2D9}.Release|Any CPU.Deploy.0 = Release|Any CPU
		{A9146AEF-9C95-CF0A-BCD6-EFD9C804B73C}.Debug|Any CPU.ActiveCfg = Debug|Any CPU
		{A9146AEF-9C95-CF0A-BCD6-EFD9C804B73C}.Debug|Any CPU.Build.0 = Debug|Any CPU
		{A9146AEF-9C95-CF0A-BCD6-EFD9C804B73C}.Release|Any CPU.ActiveCfg = Release|Any CPU
		{A9146AEF-9C95-CF0A-BCD6-EFD9C804B73C}.Release|Any CPU.Build.0 = Release|Any CPU
	EndGlobalSection
	GlobalSection(SolutionProperties) = preSolution
		HideSolutionNode = FALSE
	EndGlobalSection
EndGlobal
